
Microsoft Visual Studio Solution File, Format Version 12.00
# Visual Studio Version 18
VisualStudioVersion = 18.1.11312.151
MinimumVisualStudioVersion = 10.0.40219.1
Project("{FAE04EC0-301F-11D3-BF4B-00C04F79EFBC}") = "Pedido.Api", "PedidoDeVenda\Pedido.Api.csproj", "{8498C372-453C-4B10-8674-398B8B646D55}"
EndProject
Project("{FAE04EC0-301F-11D3-BF4B-00C04F79EFBC}") = "Pedido.Domain", "Pedido.Domain\Pedido.Domain.csproj", "{A7A8F51C-FE87-45B6-8E10-CDED915B7D82}"
EndProject
Global
	GlobalSection(SolutionConfigurationPlatforms) = preSolution
		Debug|Any CPU = Debug|Any CPU
		Release|Any CPU = Release|Any CPU
	EndGlobalSection
	GlobalSection(ProjectConfigurationPlatforms) = postSolution
		{8498C372-453C-4B10-8674-398B8B646D55}.Debug|Any CPU.ActiveCfg = Debug|Any CPU
		{8498C372-453C-4B10-8674-398B8B646D55}.Debug|Any CPU.Build.0 = Debug|Any CPU
		{8498C372-453C-4B10-8674-398B8B646D55}.Release|Any CPU.ActiveCfg = Release|Any CPU
		{8498C372-453C-4B10-8674-398B8B646D55}.Release|Any CPU.Build.0 = Release|Any CPU
		{A7A8F51C-FE87-45B6-8E10-CDED915B7D82}.Debug|Any CPU.ActiveCfg = Debug|Any CPU
		{A7A8F51C-FE87-45B6-8E10-CDED915B7D82}.Debug|Any CPU.Build.0 = Debug|Any CPU
		{A7A8F51C-FE87-45B6-8E10-CDED915B7D82}.Release|Any CPU.ActiveCfg = Release|Any CPU
		{A7A8F51C-FE87-45B6-8E10-CDED915B7D82}.Release|Any CPU.Build.0 = Release|Any CPU
	EndGlobalSection
	GlobalSection(SolutionProperties) = preSolution
		HideSolutionNode = FALSE
	EndGlobalSection
	GlobalSection(ExtensibilityGlobals) = postSolution
		SolutionGuid = {960C0B06-6A3E-431F-8FB1-ECE0354BD97B}
	EndGlobalSection
EndGlobal
