<Solution>
  <Project Path="Sales.Api/Sales.Api.csproj" />
  <Project Path="Sales.Application.Tests/Sales.Application.Tests.csproj" Id="90ccc841-c21f-4f52-b90f-0306afd53897" />
  <Project Path="Sales.Application/Sales.Application.csproj" Id="c03a05f0-14d8-4369-8610-5b798857a2be" />
  <Project Path="Sales.Domain.Tests/Sales.Domain.Tests.csproj" />
  <Project Path="Sales.Domain/Sales.Domain.csproj" />
</Solution>
